
Microsoft Visual Studio Solution File, Format Version 12.00
# Visual Studio Version 16
VisualStudioVersion = 16.0.29613.14
MinimumVisualStudioVersion = 10.0.40219.1
Project("{FAE04EC0-301F-11D3-BF4B-00C04F79EFBC}") = "Prueba_Trabajo_Final", "Prueba_Trabajo_Final\Prueba_Trabajo_Final.csproj", "{069396F2-B422-4CA5-B395-F3C394CEBC9C}"
EndProject
Global
	GlobalSection(SolutionConfigurationPlatforms) = preSolution
		Debug|Any CPU = Debug|Any CPU
		Release|Any CPU = Release|Any CPU
	EndGlobalSection
	GlobalSection(ProjectConfigurationPlatforms) = postSolution
		{069396F2-B422-4CA5-B395-F3C394CEBC9C}.Debug|Any CPU.ActiveCfg = Debug|Any CPU
		{069396F2-B422-4CA5-B395-F3C394CEBC9C}.Debug|Any CPU.Build.0 = Debug|Any CPU
		{069396F2-B422-4CA5-B395-F3C394CEBC9C}.Release|Any CPU.ActiveCfg = Release|Any CPU
		{069396F2-B422-4CA5-B395-F3C394CEBC9C}.Release|Any CPU.Build.0 = Release|Any CPU
	EndGlobalSection
	GlobalSection(SolutionProperties) = preSolution
		HideSolutionNode = FALSE
	EndGlobalSection
	GlobalSection(ExtensibilityGlobals) = postSolution
		SolutionGuid = {5A1EF50B-F7CE-4ED3-AC73-E66E67954954}
	EndGlobalSection
EndGlobal
